
Microsoft Visual Studio Solution File, Format Version 12.00
# Visual Studio Version 17
VisualStudioVersion = 17.3.32901.215
MinimumVisualStudioVersion = 10.0.40219.1
Project("{FAE04EC0-301F-11D3-BF4B-00C04F79EFBC}") = "CompileTimestamp", "CompileTimestamp\CompileTimestamp.csproj", "{4F9C6473-3528-41D1-A90C-1910952060A5}"
EndProject
Project("{2150E333-8FDC-42A3-9474-1A3956D46DE8}") = "_DEMO", "_DEMO", "{01FC340C-C0AA-4F08-B2B6-52E761A23050}"
EndProject
Project("{FAE04EC0-301F-11D3-BF4B-00C04F79EFBC}") = "DEMO.Application", "_DEMO\DEMO.Application\DEMO.Application.csproj", "{6C48B939-0138-455A-BDA5-394816513BC7}"
EndProject
Project("{2150E333-8FDC-42A3-9474-1A3956D46DE8}") = "_SolutionItems", "_SolutionItems", "{C0547CB7-183D-4021-9AB5-296626F5036C}"
	ProjectSection(SolutionItems) = preProject
		.gitignore = .gitignore
		CompileTimestamp.nuspec = CompileTimestamp.nuspec
		icon.png = icon.png
	EndProjectSection
EndProject
Global
	GlobalSection(SolutionConfigurationPlatforms) = preSolution
		Debug|Any CPU = Debug|Any CPU
		Release|Any CPU = Release|Any CPU
	EndGlobalSection
	GlobalSection(ProjectConfigurationPlatforms) = postSolution
		{4F9C6473-3528-41D1-A90C-1910952060A5}.Debug|Any CPU.ActiveCfg = Debug|Any CPU
		{4F9C6473-3528-41D1-A90C-1910952060A5}.Debug|Any CPU.Build.0 = Debug|Any CPU
		{4F9C6473-3528-41D1-A90C-1910952060A5}.Release|Any CPU.ActiveCfg = Release|Any CPU
		{4F9C6473-3528-41D1-A90C-1910952060A5}.Release|Any CPU.Build.0 = Release|Any CPU
		{6C48B939-0138-455A-BDA5-394816513BC7}.Debug|Any CPU.ActiveCfg = Debug|Any CPU
		{6C48B939-0138-455A-BDA5-394816513BC7}.Debug|Any CPU.Build.0 = Debug|Any CPU
		{6C48B939-0138-455A-BDA5-394816513BC7}.Release|Any CPU.ActiveCfg = Release|Any CPU
		{6C48B939-0138-455A-BDA5-394816513BC7}.Release|Any CPU.Build.0 = Release|Any CPU
	EndGlobalSection
	GlobalSection(SolutionProperties) = preSolution
		HideSolutionNode = FALSE
	EndGlobalSection
	GlobalSection(NestedProjects) = preSolution
		{6C48B939-0138-455A-BDA5-394816513BC7} = {01FC340C-C0AA-4F08-B2B6-52E761A23050}
	EndGlobalSection
	GlobalSection(ExtensibilityGlobals) = postSolution
		SolutionGuid = {A6904751-638D-49BB-9887-4D4996F5C263}
	EndGlobalSection
EndGlobal
